# THIS IS AN AUTOGENERATED FILE. DO NOT EDIT THIS FILE DIRECTLY.
# yarn lockfile v1


xstate@^5.5.1:
  version "5.5.1"
  resolved "https://registry.yarnpkg.com/xstate/-/xstate-5.5.1.tgz#279ee1a8c537278e5cae414964938ade045f6f2b"
  integrity sha512-12Was43pPJKg3JWoelOREtTNYgFz6tRlNrMaRuqOibEe3pn8/uOWiP8ySMfOynyIjHUxd4BU7wV9O54Ma3FM6g==
